
Microsoft Visual Studio Solution File, Format Version 12.00
# Visual Studio 2013
VisualStudioVersion = 12.0.30110.0
MinimumVisualStudioVersion = 10.0.40219.1
Project("{FAE04EC0-301F-11D3-BF4B-00C04F79EFBC}") = "OusmaneLoum.Com", "OusmaneLoum.Com\OusmaneLoum.Com.csproj", "{08F4B092-9453-4362-96A0-7016C5707053}"
EndProject
Project("{FAE04EC0-301F-11D3-BF4B-00C04F79EFBC}") = "OusmaneLoum.Com.Tests", "OusmaneLoum.Com.Tests\OusmaneLoum.Com.Tests.csproj", "{985D4F7A-F50A-43A1-AADA-27CC65A7F453}"
EndProject
Global
	GlobalSection(SolutionConfigurationPlatforms) = preSolution
		Debug|Any CPU = Debug|Any CPU
		Release|Any CPU = Release|Any CPU
	EndGlobalSection
	GlobalSection(ProjectConfigurationPlatforms) = postSolution
		{08F4B092-9453-4362-96A0-7016C5707053}.Debug|Any CPU.ActiveCfg = Debug|Any CPU
		{08F4B092-9453-4362-96A0-7016C5707053}.Debug|Any CPU.Build.0 = Debug|Any CPU
		{08F4B092-9453-4362-96A0-7016C5707053}.Release|Any CPU.ActiveCfg = Release|Any CPU
		{08F4B092-9453-4362-96A0-7016C5707053}.Release|Any CPU.Build.0 = Release|Any CPU
		{985D4F7A-F50A-43A1-AADA-27CC65A7F453}.Debug|Any CPU.ActiveCfg = Debug|Any CPU
		{985D4F7A-F50A-43A1-AADA-27CC65A7F453}.Debug|Any CPU.Build.0 = Debug|Any CPU
		{985D4F7A-F50A-43A1-AADA-27CC65A7F453}.Release|Any CPU.ActiveCfg = Release|Any CPU
		{985D4F7A-F50A-43A1-AADA-27CC65A7F453}.Release|Any CPU.Build.0 = Release|Any CPU
	EndGlobalSection
	GlobalSection(SolutionProperties) = preSolution
		HideSolutionNode = FALSE
	EndGlobalSection
EndGlobal
